
Microsoft Visual Studio Solution File, Format Version 12.00
# Visual Studio Version 17
VisualStudioVersion = 17.0.31903.59
MinimumVisualStudioVersion = 10.0.40219.1
Project("{2150E333-8FDC-42A3-9474-1A3956D46DE8}") = "src", "src", "{C95C2BCE-8F45-4C8F-BA58-57BFEDD99CF8}"
EndProject
Project("{2150E333-8FDC-42A3-9474-1A3956D46DE8}") = "tests", "tests", "{50D10E32-A64E-479B-8F66-88953C06CF56}"
EndProject
Project("{2150E333-8FDC-42A3-9474-1A3956D46DE8}") = "deployment", "deployment", "{3F9676A3-4606-4287-A8F4-D11B90D95CE8}"
EndProject
Project("{2150E333-8FDC-42A3-9474-1A3956D46DE8}") = "Discount", "Discount", "{683D930E-4D6B-4DAC-821D-3C4DC4FAE48A}"
EndProject
Project("{2150E333-8FDC-42A3-9474-1A3956D46DE8}") = "Catalog", "Catalog", "{BD590E56-95F2-49D0-9EB8-F4E620AEE643}"
EndProject
Project("{2150E333-8FDC-42A3-9474-1A3956D46DE8}") = "ShoppingCart", "ShoppingCart", "{6468E4CF-A991-4733-97D0-1CFAE8F89577}"
EndProject
Project("{2150E333-8FDC-42A3-9474-1A3956D46DE8}") = "Ordering", "Ordering", "{4CE382A2-05A0-4280-B1B0-09866A10E152}"
EndProject
Project("{9A19103F-16F7-4668-BE54-9A1E7A4F7556}") = "Catalog.API", "src\Catalog\Catalog.UI\Catalog.API.csproj", "{0655F381-77F1-42C7-9C61-5237BE095EF6}"
EndProject
Project("{9A19103F-16F7-4668-BE54-9A1E7A4F7556}") = "Catalog.Domain", "src\Catalog\Catalog.Domain\Catalog.Domain.csproj", "{C31D56DD-83F2-4479-A3EB-44B69A7B4574}"
EndProject
Project("{9A19103F-16F7-4668-BE54-9A1E7A4F7556}") = "Catalog.Application", "src\Catalog\Catalog.Application\Catalog.Application.csproj", "{1C209572-85CC-4834-9EFF-174449A97181}"
EndProject
Project("{9A19103F-16F7-4668-BE54-9A1E7A4F7556}") = "Catalog.Infrastructure", "src\Catalog\Catalog.Infrastructure\Catalog.Infrastructure.csproj", "{F0AB3FA4-6C57-4736-9EDA-992158DFCD21}"
EndProject
Project("{9A19103F-16F7-4668-BE54-9A1E7A4F7556}") = "Discount.UI", "src\Discount\Discount.UI\Discount.UI.csproj", "{58D41CB4-A17D-4982-A54F-4D15BB21D0DD}"
EndProject
Project("{9A19103F-16F7-4668-BE54-9A1E7A4F7556}") = "Discount.Application", "src\Discount\Discount.Application\Discount.Application.csproj", "{96FA242B-CEBA-4FB8-8C68-6195F2D3DD7A}"
EndProject
Project("{9A19103F-16F7-4668-BE54-9A1E7A4F7556}") = "Discount.Domain", "src\Discount\Discount.Domain\Discount.Domain.csproj", "{9670390F-A718-4372-9722-2145D012A2E4}"
EndProject
Project("{9A19103F-16F7-4668-BE54-9A1E7A4F7556}") = "Discount.Infrastructure", "src\Discount\Discount.Infrastructure\Discount.Infrastructure.csproj", "{95B38917-B125-4F32-AA9B-AE6A904F325A}"
EndProject
Project("{9A19103F-16F7-4668-BE54-9A1E7A4F7556}") = "Ordering.UI", "src\Ordering\Ordering.UI\Ordering.UI.csproj", "{AF5C02E5-6AD4-4D59-BD4D-27E3ECAA716E}"
EndProject
Project("{9A19103F-16F7-4668-BE54-9A1E7A4F7556}") = "Ordering.Application", "src\Ordering\Ordering.Application\Ordering.Application.csproj", "{B1B4D12C-02BB-4DA3-B388-75F695E8278D}"
EndProject
Project("{9A19103F-16F7-4668-BE54-9A1E7A4F7556}") = "Ordering.Infrastructure", "src\Ordering\Ordering.Infrastructure\Ordering.Infrastructure.csproj", "{4C085289-0745-4DE9-97D5-0CCB0AA38AA7}"
EndProject
Project("{9A19103F-16F7-4668-BE54-9A1E7A4F7556}") = "Ordering.Domain", "src\Ordering\Ordering.Domain\Ordering.Domain.csproj", "{E1FB62AD-3FE4-4DD1-9423-0D8CDE76E7C8}"
EndProject
Project("{9A19103F-16F7-4668-BE54-9A1E7A4F7556}") = "ShoppingCart.UI", "src\ShoppingCart\ShoppingCart.UI\ShoppingCart.UI.csproj", "{A124EA3E-30F3-4089-8C41-EE56E5AAF8F4}"
EndProject
Project("{9A19103F-16F7-4668-BE54-9A1E7A4F7556}") = "ShoppingCart.Application", "src\ShoppingCart\ShoppingCart.Application\ShoppingCart.Application.csproj", "{CB41256E-73E1-403B-8EA3-7C8B63EF4E64}"
EndProject
Project("{9A19103F-16F7-4668-BE54-9A1E7A4F7556}") = "ShoppingCart.Domain", "src\ShoppingCart\ShoppingCart.Domain\ShoppingCart.Domain.csproj", "{2C50C370-6E59-4778-A117-283BE861B705}"
EndProject
Project("{9A19103F-16F7-4668-BE54-9A1E7A4F7556}") = "ShoppingCart.Infrastructure", "src\ShoppingCart\ShoppingCart.Infrastructure\ShoppingCart.Infrastructure.csproj", "{BA1D58DE-2E27-4420-9674-FD4FE4D841A4}"
EndProject
Project("{2150E333-8FDC-42A3-9474-1A3956D46DE8}") = "APIGateway", "APIGateway", "{F4B6ACEA-9797-4A7F-9376-DCCF1AE4B59A}"
EndProject
Project("{9A19103F-16F7-4668-BE54-9A1E7A4F7556}") = "APIGateway.UI", "APIGateway.UI\APIGateway.UI.csproj", "{22E11F86-2384-4333-9B03-3853496E0E85}"
EndProject
Global
	GlobalSection(SolutionConfigurationPlatforms) = preSolution
		Debug|Any CPU = Debug|Any CPU
		Release|Any CPU = Release|Any CPU
	EndGlobalSection
	GlobalSection(ProjectConfigurationPlatforms) = postSolution
		{0655F381-77F1-42C7-9C61-5237BE095EF6}.Debug|Any CPU.ActiveCfg = Debug|Any CPU
		{0655F381-77F1-42C7-9C61-5237BE095EF6}.Debug|Any CPU.Build.0 = Debug|Any CPU
		{0655F381-77F1-42C7-9C61-5237BE095EF6}.Release|Any CPU.ActiveCfg = Release|Any CPU
		{0655F381-77F1-42C7-9C61-5237BE095EF6}.Release|Any CPU.Build.0 = Release|Any CPU
		{C31D56DD-83F2-4479-A3EB-44B69A7B4574}.Debug|Any CPU.ActiveCfg = Debug|Any CPU
		{C31D56DD-83F2-4479-A3EB-44B69A7B4574}.Debug|Any CPU.Build.0 = Debug|Any CPU
		{C31D56DD-83F2-4479-A3EB-44B69A7B4574}.Release|Any CPU.ActiveCfg = Release|Any CPU
		{C31D56DD-83F2-4479-A3EB-44B69A7B4574}.Release|Any CPU.Build.0 = Release|Any CPU
		{1C209572-85CC-4834-9EFF-174449A97181}.Debug|Any CPU.ActiveCfg = Debug|Any CPU
		{1C209572-85CC-4834-9EFF-174449A97181}.Debug|Any CPU.Build.0 = Debug|Any CPU
		{1C209572-85CC-4834-9EFF-174449A97181}.Release|Any CPU.ActiveCfg = Release|Any CPU
		{1C209572-85CC-4834-9EFF-174449A97181}.Release|Any CPU.Build.0 = Release|Any CPU
		{F0AB3FA4-6C57-4736-9EDA-992158DFCD21}.Debug|Any CPU.ActiveCfg = Debug|Any CPU
		{F0AB3FA4-6C57-4736-9EDA-992158DFCD21}.Debug|Any CPU.Build.0 = Debug|Any CPU
		{F0AB3FA4-6C57-4736-9EDA-992158DFCD21}.Release|Any CPU.ActiveCfg = Release|Any CPU
		{F0AB3FA4-6C57-4736-9EDA-992158DFCD21}.Release|Any CPU.Build.0 = Release|Any CPU
		{58D41CB4-A17D-4982-A54F-4D15BB21D0DD}.Debug|Any CPU.ActiveCfg = Debug|Any CPU
		{58D41CB4-A17D-4982-A54F-4D15BB21D0DD}.Debug|Any CPU.Build.0 = Debug|Any CPU
		{58D41CB4-A17D-4982-A54F-4D15BB21D0DD}.Release|Any CPU.ActiveCfg = Release|Any CPU
		{58D41CB4-A17D-4982-A54F-4D15BB21D0DD}.Release|Any CPU.Build.0 = Release|Any CPU
		{96FA242B-CEBA-4FB8-8C68-6195F2D3DD7A}.Debug|Any CPU.ActiveCfg = Debug|Any CPU
		{96FA242B-CEBA-4FB8-8C68-6195F2D3DD7A}.Debug|Any CPU.Build.0 = Debug|Any CPU
		{96FA242B-CEBA-4FB8-8C68-6195F2D3DD7A}.Release|Any CPU.ActiveCfg = Release|Any CPU
		{96FA242B-CEBA-4FB8-8C68-6195F2D3DD7A}.Release|Any CPU.Build.0 = Release|Any CPU
		{9670390F-A718-4372-9722-2145D012A2E4}.Debug|Any CPU.ActiveCfg = Debug|Any CPU
		{9670390F-A718-4372-9722-2145D012A2E4}.Debug|Any CPU.Build.0 = Debug|Any CPU
		{9670390F-A718-4372-9722-2145D012A2E4}.Release|Any CPU.ActiveCfg = Release|Any CPU
		{9670390F-A718-4372-9722-2145D012A2E4}.Release|Any CPU.Build.0 = Release|Any CPU
		{95B38917-B125-4F32-AA9B-AE6A904F325A}.Debug|Any CPU.ActiveCfg = Debug|Any CPU
		{95B38917-B125-4F32-AA9B-AE6A904F325A}.Debug|Any CPU.Build.0 = Debug|Any CPU
		{95B38917-B125-4F32-AA9B-AE6A904F325A}.Release|Any CPU.ActiveCfg = Release|Any CPU
		{95B38917-B125-4F32-AA9B-AE6A904F325A}.Release|Any CPU.Build.0 = Release|Any CPU
		{AF5C02E5-6AD4-4D59-BD4D-27E3ECAA716E}.Debug|Any CPU.ActiveCfg = Debug|Any CPU
		{AF5C02E5-6AD4-4D59-BD4D-27E3ECAA716E}.Debug|Any CPU.Build.0 = Debug|Any CPU
		{AF5C02E5-6AD4-4D59-BD4D-27E3ECAA716E}.Release|Any CPU.ActiveCfg = Release|Any CPU
		{AF5C02E5-6AD4-4D59-BD4D-27E3ECAA716E}.Release|Any CPU.Build.0 = Release|Any CPU
		{B1B4D12C-02BB-4DA3-B388-75F695E8278D}.Debug|Any CPU.ActiveCfg = Debug|Any CPU
		{B1B4D12C-02BB-4DA3-B388-75F695E8278D}.Debug|Any CPU.Build.0 = Debug|Any CPU
		{B1B4D12C-02BB-4DA3-B388-75F695E8278D}.Release|Any CPU.ActiveCfg = Release|Any CPU
		{B1B4D12C-02BB-4DA3-B388-75F695E8278D}.Release|Any CPU.Build.0 = Release|Any CPU
		{4C085289-0745-4DE9-97D5-0CCB0AA38AA7}.Debug|Any CPU.ActiveCfg = Debug|Any CPU
		{4C085289-0745-4DE9-97D5-0CCB0AA38AA7}.Debug|Any CPU.Build.0 = Debug|Any CPU
		{4C085289-0745-4DE9-97D5-0CCB0AA38AA7}.Release|Any CPU.ActiveCfg = Release|Any CPU
		{4C085289-0745-4DE9-97D5-0CCB0AA38AA7}.Release|Any CPU.Build.0 = Release|Any CPU
		{E1FB62AD-3FE4-4DD1-9423-0D8CDE76E7C8}.Debug|Any CPU.ActiveCfg = Debug|Any CPU
		{E1FB62AD-3FE4-4DD1-9423-0D8CDE76E7C8}.Debug|Any CPU.Build.0 = Debug|Any CPU
		{E1FB62AD-3FE4-4DD1-9423-0D8CDE76E7C8}.Release|Any CPU.ActiveCfg = Release|Any CPU
		{E1FB62AD-3FE4-4DD1-9423-0D8CDE76E7C8}.Release|Any CPU.Build.0 = Release|Any CPU
		{A124EA3E-30F3-4089-8C41-EE56E5AAF8F4}.Debug|Any CPU.ActiveCfg = Debug|Any CPU
		{A124EA3E-30F3-4089-8C41-EE56E5AAF8F4}.Debug|Any CPU.Build.0 = Debug|Any CPU
		{A124EA3E-30F3-4089-8C41-EE56E5AAF8F4}.Release|Any CPU.ActiveCfg = Release|Any CPU
		{A124EA3E-30F3-4089-8C41-EE56E5AAF8F4}.Release|Any CPU.Build.0 = Release|Any CPU
		{CB41256E-73E1-403B-8EA3-7C8B63EF4E64}.Debug|Any CPU.ActiveCfg = Debug|Any CPU
		{CB41256E-73E1-403B-8EA3-7C8B63EF4E64}.Debug|Any CPU.Build.0 = Debug|Any CPU
		{CB41256E-73E1-403B-8EA3-7C8B63EF4E64}.Release|Any CPU.ActiveCfg = Release|Any CPU
		{CB41256E-73E1-403B-8EA3-7C8B63EF4E64}.Release|Any CPU.Build.0 = Release|Any CPU
		{2C50C370-6E59-4778-A117-283BE861B705}.Debug|Any CPU.ActiveCfg = Debug|Any CPU
		{2C50C370-6E59-4778-A117-283BE861B705}.Debug|Any CPU.Build.0 = Debug|Any CPU
		{2C50C370-6E59-4778-A117-283BE861B705}.Release|Any CPU.ActiveCfg = Release|Any CPU
		{2C50C370-6E59-4778-A117-283BE861B705}.Release|Any CPU.Build.0 = Release|Any CPU
		{BA1D58DE-2E27-4420-9674-FD4FE4D841A4}.Debug|Any CPU.ActiveCfg = Debug|Any CPU
		{BA1D58DE-2E27-4420-9674-FD4FE4D841A4}.Debug|Any CPU.Build.0 = Debug|Any CPU
		{BA1D58DE-2E27-4420-9674-FD4FE4D841A4}.Release|Any CPU.ActiveCfg = Release|Any CPU
		{BA1D58DE-2E27-4420-9674-FD4FE4D841A4}.Release|Any CPU.Build.0 = Release|Any CPU
		{22E11F86-2384-4333-9B03-3853496E0E85}.Debug|Any CPU.ActiveCfg = Debug|Any CPU
		{22E11F86-2384-4333-9B03-3853496E0E85}.Debug|Any CPU.Build.0 = Debug|Any CPU
		{22E11F86-2384-4333-9B03-3853496E0E85}.Release|Any CPU.ActiveCfg = Release|Any CPU
		{22E11F86-2384-4333-9B03-3853496E0E85}.Release|Any CPU.Build.0 = Release|Any CPU
	EndGlobalSection
	GlobalSection(SolutionProperties) = preSolution
		HideSolutionNode = FALSE
	EndGlobalSection
	GlobalSection(NestedProjects) = preSolution
		{683D930E-4D6B-4DAC-821D-3C4DC4FAE48A} = {C95C2BCE-8F45-4C8F-BA58-57BFEDD99CF8}
		{BD590E56-95F2-49D0-9EB8-F4E620AEE643} = {C95C2BCE-8F45-4C8F-BA58-57BFEDD99CF8}
		{6468E4CF-A991-4733-97D0-1CFAE8F89577} = {C95C2BCE-8F45-4C8F-BA58-57BFEDD99CF8}
		{4CE382A2-05A0-4280-B1B0-09866A10E152} = {C95C2BCE-8F45-4C8F-BA58-57BFEDD99CF8}
		{0655F381-77F1-42C7-9C61-5237BE095EF6} = {BD590E56-95F2-49D0-9EB8-F4E620AEE643}
		{C31D56DD-83F2-4479-A3EB-44B69A7B4574} = {BD590E56-95F2-49D0-9EB8-F4E620AEE643}
		{1C209572-85CC-4834-9EFF-174449A97181} = {BD590E56-95F2-49D0-9EB8-F4E620AEE643}
		{F0AB3FA4-6C57-4736-9EDA-992158DFCD21} = {BD590E56-95F2-49D0-9EB8-F4E620AEE643}
		{58D41CB4-A17D-4982-A54F-4D15BB21D0DD} = {683D930E-4D6B-4DAC-821D-3C4DC4FAE48A}
		{96FA242B-CEBA-4FB8-8C68-6195F2D3DD7A} = {683D930E-4D6B-4DAC-821D-3C4DC4FAE48A}
		{9670390F-A718-4372-9722-2145D012A2E4} = {683D930E-4D6B-4DAC-821D-3C4DC4FAE48A}
		{95B38917-B125-4F32-AA9B-AE6A904F325A} = {683D930E-4D6B-4DAC-821D-3C4DC4FAE48A}
		{AF5C02E5-6AD4-4D59-BD4D-27E3ECAA716E} = {4CE382A2-05A0-4280-B1B0-09866A10E152}
		{B1B4D12C-02BB-4DA3-B388-75F695E8278D} = {4CE382A2-05A0-4280-B1B0-09866A10E152}
		{4C085289-0745-4DE9-97D5-0CCB0AA38AA7} = {4CE382A2-05A0-4280-B1B0-09866A10E152}
		{E1FB62AD-3FE4-4DD1-9423-0D8CDE76E7C8} = {4CE382A2-05A0-4280-B1B0-09866A10E152}
		{A124EA3E-30F3-4089-8C41-EE56E5AAF8F4} = {6468E4CF-A991-4733-97D0-1CFAE8F89577}
		{CB41256E-73E1-403B-8EA3-7C8B63EF4E64} = {6468E4CF-A991-4733-97D0-1CFAE8F89577}
		{2C50C370-6E59-4778-A117-283BE861B705} = {6468E4CF-A991-4733-97D0-1CFAE8F89577}
		{BA1D58DE-2E27-4420-9674-FD4FE4D841A4} = {6468E4CF-A991-4733-97D0-1CFAE8F89577}
		{F4B6ACEA-9797-4A7F-9376-DCCF1AE4B59A} = {C95C2BCE-8F45-4C8F-BA58-57BFEDD99CF8}
		{22E11F86-2384-4333-9B03-3853496E0E85} = {F4B6ACEA-9797-4A7F-9376-DCCF1AE4B59A}
	EndGlobalSection
	GlobalSection(ExtensibilityGlobals) = postSolution
		SolutionGuid = {5980EC52-939A-4D3F-B796-EF57E5592960}
	EndGlobalSection
EndGlobal
